
Microsoft Visual Studio Solution File, Format Version 12.00
# Visual Studio 14
VisualStudioVersion = 14.0.24720.0
MinimumVisualStudioVersion = 10.0.40219.1
Project("{FAE04EC0-301F-11D3-BF4B-00C04F79EFBC}") = "folkgymmet 0.1", "folkgymmet\folkgymmet 0.1.csproj", "{7291A733-C3E8-450F-BE93-B53CE6FB1474}"
EndProject
Global
	GlobalSection(SolutionConfigurationPlatforms) = preSolution
		Debug|Any CPU = Debug|Any CPU
		Release|Any CPU = Release|Any CPU
	EndGlobalSection
	GlobalSection(ProjectConfigurationPlatforms) = postSolution
		{7291A733-C3E8-450F-BE93-B53CE6FB1474}.Debug|Any CPU.ActiveCfg = Debug|Any CPU
		{7291A733-C3E8-450F-BE93-B53CE6FB1474}.Debug|Any CPU.Build.0 = Debug|Any CPU
		{7291A733-C3E8-450F-BE93-B53CE6FB1474}.Release|Any CPU.ActiveCfg = Release|Any CPU
		{7291A733-C3E8-450F-BE93-B53CE6FB1474}.Release|Any CPU.Build.0 = Release|Any CPU
	EndGlobalSection
	GlobalSection(SolutionProperties) = preSolution
		HideSolutionNode = FALSE
	EndGlobalSection
EndGlobal
